
Microsoft Visual Studio Solution File, Format Version 12.00
# Visual Studio Version 17
VisualStudioVersion = 17.11.35327.3
MinimumVisualStudioVersion = 10.0.40219.1
Project("{FAE04EC0-301F-11D3-BF4B-00C04F79EFBC}") = "W4_Polymorphism", "W4_Polymorphism\W4_Polymorphism.csproj", "{F8D221B5-27E4-4141-9DCB-6DAD5B791D1C}"
EndProject
Global
	GlobalSection(SolutionConfigurationPlatforms) = preSolution
		Debug|Any CPU = Debug|Any CPU
		Release|Any CPU = Release|Any CPU
	EndGlobalSection
	GlobalSection(ProjectConfigurationPlatforms) = postSolution
		{F8D221B5-27E4-4141-9DCB-6DAD5B791D1C}.Debug|Any CPU.ActiveCfg = Debug|Any CPU
		{F8D221B5-27E4-4141-9DCB-6DAD5B791D1C}.Debug|Any CPU.Build.0 = Debug|Any CPU
		{F8D221B5-27E4-4141-9DCB-6DAD5B791D1C}.Release|Any CPU.ActiveCfg = Release|Any CPU
		{F8D221B5-27E4-4141-9DCB-6DAD5B791D1C}.Release|Any CPU.Build.0 = Release|Any CPU
	EndGlobalSection
	GlobalSection(SolutionProperties) = preSolution
		HideSolutionNode = FALSE
	EndGlobalSection
	GlobalSection(ExtensibilityGlobals) = postSolution
		SolutionGuid = {651A3F7F-5F90-4277-B7C2-1ADD90C2A8A8}
	EndGlobalSection
EndGlobal
